
Microsoft Visual Studio Solution File, Format Version 12.00
# Visual Studio Version 17
VisualStudioVersion = 17.9.34728.123
MinimumVisualStudioVersion = 10.0.40219.1
Project("{FAE04EC0-301F-11D3-BF4B-00C04F79EFBC}") = "Carzy_Trial", "Carzy_Trial\Carzy_Trial.csproj", "{90030486-87D4-465E-BFB4-9591A22AC406}"
EndProject
Global
	GlobalSection(SolutionConfigurationPlatforms) = preSolution
		Debug|Any CPU = Debug|Any CPU
		Release|Any CPU = Release|Any CPU
	EndGlobalSection
	GlobalSection(ProjectConfigurationPlatforms) = postSolution
		{90030486-87D4-465E-BFB4-9591A22AC406}.Debug|Any CPU.ActiveCfg = Debug|Any CPU
		{90030486-87D4-465E-BFB4-9591A22AC406}.Debug|Any CPU.Build.0 = Debug|Any CPU
		{90030486-87D4-465E-BFB4-9591A22AC406}.Release|Any CPU.ActiveCfg = Release|Any CPU
		{90030486-87D4-465E-BFB4-9591A22AC406}.Release|Any CPU.Build.0 = Release|Any CPU
	EndGlobalSection
	GlobalSection(SolutionProperties) = preSolution
		HideSolutionNode = FALSE
	EndGlobalSection
	GlobalSection(ExtensibilityGlobals) = postSolution
		SolutionGuid = {E55F324F-0B8E-4F03-B8CC-18B59D7BE832}
	EndGlobalSection
EndGlobal
